// !$*UTF8*$!
{
	archiveVersion = 1;
	classes = {
	};
	objectVersion = 46;
	objects = {

/* Begin PBXBuildFile section */
		7188B1B21AF3A39E0079421A /* main.cpp in Sources */ = {isa = PBXBuildFile; fileRef = 7188B1B11AF3A39E0079421A /* main.cpp */; };
		7188B1BA1AF3A3FE0079421A /* Manager.cpp in Sources */ = {isa = PBXBuildFile; fileRef = 7188B1B81AF3A3FE0079421A /* Manager.cpp */; };
/* End PBXBuildFile section */

/* Begin PBXCopyFilesBuildPhase section */
		7188B1AC1AF3A39E0079421A /* CopyFiles */ = {
			isa = PBXCopyFilesBuildPhase;
			buildActionMask = 2147483647;
			dstPath = /usr/share/man/man1/;
			dstSubfolderSpec = 0;
			files = (
			);
			runOnlyForDeploymentPostprocessing = 1;
		};
/* End PBXCopyFilesBuildPhase section */

/* Begin PBXFileReference section */
		7188B1AE1AF3A39E0079421A /* project calendar */ = {isa = PBXFileReference; explicitFileType = "compiled.mach-o.executable"; includeInIndex = 0; path = "project calendar"; sourceTree = BUILT_PRODUCTS_DIR; };
		7188B1B11AF3A39E0079421A /* main.cpp */ = {isa = PBXFileReference; lastKnownFileType = sourcecode.cpp.cpp; path = main.cpp; sourceTree = "<group>"; };
		7188B1B81AF3A3FE0079421A /* Manager.cpp */ = {isa = PBXFileReference; fileEncoding = 4; lastKnownFileType = sourcecode.cpp.cpp; path = Manager.cpp; sourceTree = "<group>"; };
		7188B1B91AF3A3FE0079421A /* Manager.h */ = {isa = PBXFileReference; fileEncoding = 4; lastKnownFileType = sourcecode.c.h; path = Manager.h; sourceTree = "<group>"; };
/* End PBXFileReference section */

/* Begin PBXFrameworksBuildPhase section */
		7188B1AB1AF3A39E0079421A /* Frameworks */ = {
			isa = PBXFrameworksBuildPhase;
			buildActionMask = 2147483647;
			files = (
			);
			runOnlyForDeploymentPostprocessing = 0;
		};
/* End PBXFrameworksBuildPhase section */

/* Begin PBXGroup section */
		7188B1A51AF3A39E0079421A = {
			isa = PBXGroup;
			children = (
				7188B1B01AF3A39E0079421A /* project calendar */,
				7188B1AF1AF3A39E0079421A /* Products */,
			);
			sourceTree = "<group>";
		};
		7188B1AF1AF3A39E0079421A /* Products */ = {
			isa = PBXGroup;
			children = (
				7188B1AE1AF3A39E0079421A /* project calendar */,
			);
			name = Products;
			sourceTree = "<group>";
		};
		7188B1B01AF3A39E0079421A /* project calendar */ = {
			isa = PBXGroup;
			children = (
				7188B1B11AF3A39E0079421A /* main.cpp */,
				7188B1B81AF3A3FE0079421A /* Manager.cpp */,
				7188B1B91AF3A3FE0079421A /* Manager.h */,
			);
			path = "project calendar";
			sourceTree = "<group>";
		};
/* End PBXGroup section */

/* Begin PBXNativeTarget section */
		7188B1AD1AF3A39E0079421A /* project calendar */ = {
			isa = PBXNativeTarget;
			buildConfigurationList = 7188B1B51AF3A39E0079421A /* Build configuration list for PBXNativeTarget "project calendar" */;
			buildPhases = (
				7188B1AA1AF3A39E0079421A /* Sources */,
				7188B1AB1AF3A39E0079421A /* Frameworks */,
				7188B1AC1AF3A39E0079421A /* CopyFiles */,
			);
			buildRules = (
			);
			dependencies = (
			);
			name = "project calendar";
			productName = "project calendar";
			productReference = 7188B1AE1AF3A39E0079421A /* project calendar */;
			productType = "com.apple.product-type.tool";
		};
/* End PBXNativeTarget section */

/* Begin PBXProject section */
		7188B1A61AF3A39E0079421A /* Project object */ = {
			isa = PBXProject;
			attributes = {
				LastUpgradeCheck = 0630;
				ORGANIZATIONNAME = "Antoine Jeannot";
				TargetAttributes = {
					7188B1AD1AF3A39E0079421A = {
						CreatedOnToolsVersion = 6.3.1;
					};
				};
			};
			buildConfigurationList = 7188B1A91AF3A39E0079421A /* Build configuration list for PBXProject "project calendar" */;
			compatibilityVersion = "Xcode 3.2";
			developmentRegion = English;
			hasScannedForEncodings = 0;
			knownRegions = (
				en,
			);
			mainGroup = 7188B1A51AF3A39E0079421A;
			productRefGroup = 7188B1AF1AF3A39E0079421A /* Products */;
			projectDirPath = "";
			projectRoot = "";
			targets = (
				7188B1AD1AF3A39E0079421A /* project calendar */,
			);
		};
/* End PBXProject section */

/* Begin PBXSourcesBuildPhase section */
		7188B1AA1AF3A39E0079421A /* Sources */ = {
			isa = PBXSourcesBuildPhase;
			buildActionMask = 2147483647;
			files = (
				7188B1B21AF3A39E0079421A /* main.cpp in Sources */,
				7188B1BA1AF3A3FE0079421A /* Manager.cpp in Sources */,
			);
			runOnlyForDeploymentPostprocessing = 0;
		};
/* End PBXSourcesBuildPhase section */

/* Begin XCBuildConfiguration section */
		7188B1B31AF3A39E0079421A /* Debug */ = {
			isa = XCBuildConfiguration;
			buildSettings = {
				ALWAYS_SEARCH_USER_PATHS = NO;
				CLANG_CXX_LANGUAGE_STANDARD = "gnu++0x";
				CLANG_CXX_LIBRARY = "libc++";
				CLANG_ENABLE_MODULES = YES;
				CLANG_ENABLE_OBJC_ARC = YES;
				CLANG_WARN_BOOL_CONVERSION = YES;
				CLANG_WARN_CONSTANT_CONVERSION = YES;
				CLANG_WARN_DIRECT_OBJC_ISA_USAGE = YES_ERROR;
				CLANG_WARN_EMPTY_BODY = YES;
				CLANG_WARN_ENUM_CONVERSION = YES;
				CLANG_WARN_INT_CONVERSION = YES;
				CLANG_WARN_OBJC_ROOT_CLASS = YES_ERROR;
				CLANG_WARN_UNREACHABLE_CODE = YES;
				CLANG_WARN__DUPLICATE_METHOD_MATCH = YES;
				COPY_PHASE_STRIP = NO;
				DEBUG_INFORMATION_FORMAT = dwarf;
				ENABLE_STRICT_OBJC_MSGSEND = YES;
				GCC_C_LANGUAGE_STANDARD = gnu99;
				GCC_DYNAMIC_NO_PIC = NO;
				GCC_NO_COMMON_BLOCKS = YES;
				GCC_OPTIMIZATION_LEVEL = 0;
				GCC_PREPROCESSOR_DEFINITIONS = (
					"DEBUG=1",
					"$(inherited)",
				);
				GCC_SYMBOLS_PRIVATE_EXTERN = NO;
				GCC_WARN_64_TO_32_BIT_CONVERSION = YES;
				GCC_WARN_ABOUT_RETURN_TYPE = YES_ERROR;
				GCC_WARN_UNDECLARED_SELECTOR = YES;
				GCC_WARN_UNINITIALIZED_AUTOS = YES_AGGRESSIVE;
				GCC_WARN_UNUSED_FUNCTION = YES;
				GCC_WARN_UNUSED_VARIABLE = YES;
				MACOSX_DEPLOYMENT_TARGET = 10.10;
				MTL_ENABLE_DEBUG_INFO = YES;
				ONLY_ACTIVE_ARCH = YES;
				SDKROOT = macosx;
			};
			name = Debug;
		};
		7188B1B41AF3A39E0079421A /* Release */ = {
			isa = XCBuildConfiguration;
			buildSettings = {
				ALWAYS_SEARCH_USER_PATHS = NO;
				CLANG_CXX_LANGUAGE_STANDARD = "gnu++0x";
				CLANG_CXX_LIBRARY = "libc++";
				CLANG_ENABLE_MODULES = YES;
				CLANG_ENABLE_OBJC_ARC = YES;
				CLANG_WARN_BOOL_CONVERSION = YES;
				CLANG_WARN_CONSTANT_CONVERSION = YES;
				CLANG_WARN_DIRECT_OBJC_ISA_USAGE = YES_ERROR;
				CLANG_WARN_EMPTY_BODY = YES;
				CLANG_WARN_ENUM_CONVERSION = YES;
				CLANG_WARN_INT_CONVERSION = YES;
				CLANG_WARN_OBJC_ROOT_CLASS = YES_ERROR;
				CLANG_WARN_UNREACHABLE_CODE = YES;
				CLANG_WARN__DUPLICATE_METHOD_MATCH = YES;
				COPY_PHASE_STRIP = NO;
				DEBUG_INFORMATION_FORMAT = "dwarf-with-dsym";
				ENABLE_NS_ASSERTIONS = NO;
				ENABLE_STRICT_OBJC_MSGSEND = YES;
				GCC_C_LANGUAGE_STANDARD = gnu99;
				GCC_NO_COMMON_BLOCKS = YES;
				GCC_WARN_64_TO_32_BIT_CONVERSION = YES;
				GCC_WARN_ABOUT_RETURN_TYPE = YES_ERROR;
				GCC_WARN_UNDECLARED_SELECTOR = YES;
				GCC_WARN_UNINITIALIZED_AUTOS = YES_AGGRESSIVE;
				GCC_WARN_UNUSED_FUNCTION = YES;
				GCC_WARN_UNUSED_VARIABLE = YES;
				MACOSX_DEPLOYMENT_TARGET = 10.10;
				MTL_ENABLE_DEBUG_INFO = NO;
				SDKROOT = macosx;
			};
			name = Release;
		};
		7188B1B61AF3A39E0079421A /* Debug */ = {
			isa = XCBuildConfiguration;
			buildSettings = {
				PRODUCT_NAME = "$(TARGET_NAME)";
			};
			name = Debug;
		};
		7188B1B71AF3A39E0079421A /* Release */ = {
			isa = XCBuildConfiguration;
			buildSettings = {
				PRODUCT_NAME = "$(TARGET_NAME)";
			};
			name = Release;
		};
/* End XCBuildConfiguration section */

/* Begin XCConfigurationList section */
		7188B1A91AF3A39E0079421A /* Build configuration list for PBXProject "project calendar" */ = {
			isa = XCConfigurationList;
			buildConfigurations = (
				7188B1B31AF3A39E0079421A /* Debug */,
				7188B1B41AF3A39E0079421A /* Release */,
			);
			defaultConfigurationIsVisible = 0;
			defaultConfigurationName = Release;
		};
		7188B1B51AF3A39E0079421A /* Build configuration list for PBXNativeTarget "project calendar" */ = {
			isa = XCConfigurationList;
			buildConfigurations = (
				7188B1B61AF3A39E0079421A /* Debug */,
				7188B1B71AF3A39E0079421A /* Release */,
			);
			defaultConfigurationIsVisible = 0;
		};
/* End XCConfigurationList section */
	};
	rootObject = 7188B1A61AF3A39E0079421A /* Project object */;
}
